
Microsoft Visual Studio Solution File, Format Version 12.00
# Visual Studio Version 17
VisualStudioVersion = 17.4.33122.133
MinimumVisualStudioVersion = 10.0.40219.1
Project("{FAE04EC0-301F-11D3-BF4B-00C04F79EFBC}") = "DZ1", "DZ1\DZ1.csproj", "{4EF25C0A-6FF2-430F-9EC5-D88713AA3078}"
EndProject
Global
	GlobalSection(SolutionConfigurationPlatforms) = preSolution
		Debug|Any CPU = Debug|Any CPU
		Release|Any CPU = Release|Any CPU
	EndGlobalSection
	GlobalSection(ProjectConfigurationPlatforms) = postSolution
		{4EF25C0A-6FF2-430F-9EC5-D88713AA3078}.Debug|Any CPU.ActiveCfg = Debug|Any CPU
		{4EF25C0A-6FF2-430F-9EC5-D88713AA3078}.Debug|Any CPU.Build.0 = Debug|Any CPU
		{4EF25C0A-6FF2-430F-9EC5-D88713AA3078}.Release|Any CPU.ActiveCfg = Release|Any CPU
		{4EF25C0A-6FF2-430F-9EC5-D88713AA3078}.Release|Any CPU.Build.0 = Release|Any CPU
	EndGlobalSection
	GlobalSection(SolutionProperties) = preSolution
		HideSolutionNode = FALSE
	EndGlobalSection
	GlobalSection(ExtensibilityGlobals) = postSolution
		SolutionGuid = {51C45BED-E84C-404C-8F99-004B993484DC}
	EndGlobalSection
EndGlobal
